
Microsoft Visual Studio Solution File, Format Version 12.00
# Visual Studio 15
VisualStudioVersion = 15.0.27428.2002
MinimumVisualStudioVersion = 10.0.40219.1
Project("{9A19103F-16F7-4668-BE54-9A1E7A4F7556}") = "AureliaDBMenu", "AureliaDBMenu.csproj", "{06BB4A32-76C0-44C1-A67D-2B393C061424}"
EndProject
Global
	GlobalSection(SolutionConfigurationPlatforms) = preSolution
		Debug|Any CPU = Debug|Any CPU
		Release|Any CPU = Release|Any CPU
	EndGlobalSection
	GlobalSection(ProjectConfigurationPlatforms) = postSolution
		{06BB4A32-76C0-44C1-A67D-2B393C061424}.Debug|Any CPU.ActiveCfg = Debug|Any CPU
		{06BB4A32-76C0-44C1-A67D-2B393C061424}.Debug|Any CPU.Build.0 = Debug|Any CPU
		{06BB4A32-76C0-44C1-A67D-2B393C061424}.Release|Any CPU.ActiveCfg = Release|Any CPU
		{06BB4A32-76C0-44C1-A67D-2B393C061424}.Release|Any CPU.Build.0 = Release|Any CPU
	EndGlobalSection
	GlobalSection(SolutionProperties) = preSolution
		HideSolutionNode = FALSE
	EndGlobalSection
	GlobalSection(ExtensibilityGlobals) = postSolution
		SolutionGuid = {AD4E0024-2E2E-466C-8F2A-E1B29E281753}
	EndGlobalSection
EndGlobal
